
Microsoft Visual Studio Solution File, Format Version 12.00
# Visual Studio Version 16
VisualStudioVersion = 16.0.30711.63
MinimumVisualStudioVersion = 10.0.40219.1
Project("{FAE04EC0-301F-11D3-BF4B-00C04F79EFBC}") = "SportsStore", "SportsStore\SportsStore.csproj", "{C780EF18-705C-4F91-AD3C-491A789CC668}"
EndProject
Project("{FAE04EC0-301F-11D3-BF4B-00C04F79EFBC}") = "SportsStore.Tests", "SportsStore.Tests\SportsStore.Tests.csproj", "{51D2443B-2A57-45DC-A953-DFF9612203C3}"
EndProject
Global
	GlobalSection(SolutionConfigurationPlatforms) = preSolution
		Debug|Any CPU = Debug|Any CPU
		Release|Any CPU = Release|Any CPU
	EndGlobalSection
	GlobalSection(ProjectConfigurationPlatforms) = postSolution
		{C780EF18-705C-4F91-AD3C-491A789CC668}.Debug|Any CPU.ActiveCfg = Debug|Any CPU
		{C780EF18-705C-4F91-AD3C-491A789CC668}.Debug|Any CPU.Build.0 = Debug|Any CPU
		{C780EF18-705C-4F91-AD3C-491A789CC668}.Release|Any CPU.ActiveCfg = Release|Any CPU
		{C780EF18-705C-4F91-AD3C-491A789CC668}.Release|Any CPU.Build.0 = Release|Any CPU
		{51D2443B-2A57-45DC-A953-DFF9612203C3}.Debug|Any CPU.ActiveCfg = Debug|Any CPU
		{51D2443B-2A57-45DC-A953-DFF9612203C3}.Debug|Any CPU.Build.0 = Debug|Any CPU
		{51D2443B-2A57-45DC-A953-DFF9612203C3}.Release|Any CPU.ActiveCfg = Release|Any CPU
		{51D2443B-2A57-45DC-A953-DFF9612203C3}.Release|Any CPU.Build.0 = Release|Any CPU
	EndGlobalSection
	GlobalSection(SolutionProperties) = preSolution
		HideSolutionNode = FALSE
	EndGlobalSection
	GlobalSection(ExtensibilityGlobals) = postSolution
		SolutionGuid = {7682521D-88AB-4BEC-BF1B-6AC80930E108}
	EndGlobalSection
EndGlobal
